// !$*UTF8*$!
{
	archiveVersion = 1;
	classes = {
	};
	objectVersion = 56;
	objects = {

/* Begin PBXBuildFile section */
		A2CEA6552B940E050030E9BA /* MoviePickerApp.swift in Sources */ = {isa = PBXBuildFile; fileRef = A2CEA6542B940E050030E9BA /* MoviePickerApp.swift */; };
		A2CEA6572B940E050030E9BA /* ContentView.swift in Sources */ = {isa = PBXBuildFile; fileRef = A2CEA6562B940E050030E9BA /* ContentView.swift */; };
		A2CEA6592B940E070030E9BA /* Assets.xcassets in Resources */ = {isa = PBXBuildFile; fileRef = A2CEA6582B940E070030E9BA /* Assets.xcassets */; };
		A2CEA65C2B940E070030E9BA /* Preview Assets.xcassets in Resources */ = {isa = PBXBuildFile; fileRef = A2CEA65B2B940E070030E9BA /* Preview Assets.xcassets */; };
		A2CEA6672B9427CF0030E9BA /* HTTP.swift in Sources */ = {isa = PBXBuildFile; fileRef = A2CEA6662B9427CF0030E9BA /* HTTP.swift */; };
		A2CEA6692B96031F0030E9BA /* Endpoint.swift in Sources */ = {isa = PBXBuildFile; fileRef = A2CEA6682B96031F0030E9BA /* Endpoint.swift */; };
		A2CEA66D2B9604AD0030E9BA /* Constants.swift in Sources */ = {isa = PBXBuildFile; fileRef = A2CEA66C2B9604AD0030E9BA /* Constants.swift */; };
		A2CEA66F2B96051B0030E9BA /* HomeView.swift in Sources */ = {isa = PBXBuildFile; fileRef = A2CEA66E2B96051B0030E9BA /* HomeView.swift */; };
		A2CEA6712B96052C0030E9BA /* HomeViewModel.swift in Sources */ = {isa = PBXBuildFile; fileRef = A2CEA6702B96052C0030E9BA /* HomeViewModel.swift */; };
		A2CEA6732B9605A50030E9BA /* Movie.swift in Sources */ = {isa = PBXBuildFile; fileRef = A2CEA6722B9605A50030E9BA /* Movie.swift */; };
		A2CEA6772B9608620030E9BA /* APIService.swift in Sources */ = {isa = PBXBuildFile; fileRef = A2CEA6762B9608620030E9BA /* APIService.swift */; };
/* End PBXBuildFile section */

/* Begin PBXFileReference section */
		A2CEA6512B940E050030E9BA /* MoviePicker.app */ = {isa = PBXFileReference; explicitFileType = wrapper.application; includeInIndex = 0; path = MoviePicker.app; sourceTree = BUILT_PRODUCTS_DIR; };
		A2CEA6542B940E050030E9BA /* MoviePickerApp.swift */ = {isa = PBXFileReference; lastKnownFileType = sourcecode.swift; path = MoviePickerApp.swift; sourceTree = "<group>"; };
		A2CEA6562B940E050030E9BA /* ContentView.swift */ = {isa = PBXFileReference; lastKnownFileType = sourcecode.swift; path = ContentView.swift; sourceTree = "<group>"; };
		A2CEA6582B940E070030E9BA /* Assets.xcassets */ = {isa = PBXFileReference; lastKnownFileType = folder.assetcatalog; path = Assets.xcassets; sourceTree = "<group>"; };
		A2CEA65B2B940E070030E9BA /* Preview Assets.xcassets */ = {isa = PBXFileReference; lastKnownFileType = folder.assetcatalog; path = "Preview Assets.xcassets"; sourceTree = "<group>"; };
		A2CEA6662B9427CF0030E9BA /* HTTP.swift */ = {isa = PBXFileReference; lastKnownFileType = sourcecode.swift; path = HTTP.swift; sourceTree = "<group>"; };
		A2CEA6682B96031F0030E9BA /* Endpoint.swift */ = {isa = PBXFileReference; lastKnownFileType = sourcecode.swift; path = Endpoint.swift; sourceTree = "<group>"; };
		A2CEA66C2B9604AD0030E9BA /* Constants.swift */ = {isa = PBXFileReference; lastKnownFileType = sourcecode.swift; path = Constants.swift; sourceTree = "<group>"; };
		A2CEA66E2B96051B0030E9BA /* HomeView.swift */ = {isa = PBXFileReference; lastKnownFileType = sourcecode.swift; path = HomeView.swift; sourceTree = "<group>"; };
		A2CEA6702B96052C0030E9BA /* HomeViewModel.swift */ = {isa = PBXFileReference; lastKnownFileType = sourcecode.swift; path = HomeViewModel.swift; sourceTree = "<group>"; };
		A2CEA6722B9605A50030E9BA /* Movie.swift */ = {isa = PBXFileReference; lastKnownFileType = sourcecode.swift; path = Movie.swift; sourceTree = "<group>"; };
		A2CEA6762B9608620030E9BA /* APIService.swift */ = {isa = PBXFileReference; lastKnownFileType = sourcecode.swift; path = APIService.swift; sourceTree = "<group>"; };
/* End PBXFileReference section */

/* Begin PBXFrameworksBuildPhase section */
		A2CEA64E2B940E050030E9BA /* Frameworks */ = {
			isa = PBXFrameworksBuildPhase;
			buildActionMask = 2147483647;
			files = (
			);
			runOnlyForDeploymentPostprocessing = 0;
		};
/* End PBXFrameworksBuildPhase section */

/* Begin PBXGroup section */
		A2CEA6482B940E050030E9BA = {
			isa = PBXGroup;
			children = (
				A2CEA6532B940E050030E9BA /* MoviePicker */,
				A2CEA6522B940E050030E9BA /* Products */,
			);
			sourceTree = "<group>";
		};
		A2CEA6522B940E050030E9BA /* Products */ = {
			isa = PBXGroup;
			children = (
				A2CEA6512B940E050030E9BA /* MoviePicker.app */,
			);
			name = Products;
			sourceTree = "<group>";
		};
		A2CEA6532B940E050030E9BA /* MoviePicker */ = {
			isa = PBXGroup;
			children = (
				A2CEA6542B940E050030E9BA /* MoviePickerApp.swift */,
				A2CEA6622B94275E0030E9BA /* Views */,
				A2CEA6632B9427670030E9BA /* ViewModels */,
				A2CEA6642B9427720030E9BA /* Models */,
				A2CEA6652B9427820030E9BA /* API */,
				A2CEA66A2B9603560030E9BA /* Util */,
				A2CEA6582B940E070030E9BA /* Assets.xcassets */,
				A2CEA65A2B940E070030E9BA /* Preview Content */,
			);
			path = MoviePicker;
			sourceTree = "<group>";
		};
		A2CEA65A2B940E070030E9BA /* Preview Content */ = {
			isa = PBXGroup;
			children = (
				A2CEA65B2B940E070030E9BA /* Preview Assets.xcassets */,
			);
			path = "Preview Content";
			sourceTree = "<group>";
		};
		A2CEA6622B94275E0030E9BA /* Views */ = {
			isa = PBXGroup;
			children = (
				A2CEA6562B940E050030E9BA /* ContentView.swift */,
				A2CEA66E2B96051B0030E9BA /* HomeView.swift */,
			);
			path = Views;
			sourceTree = "<group>";
		};
		A2CEA6632B9427670030E9BA /* ViewModels */ = {
			isa = PBXGroup;
			children = (
				A2CEA6702B96052C0030E9BA /* HomeViewModel.swift */,
			);
			path = ViewModels;
			sourceTree = "<group>";
		};
		A2CEA6642B9427720030E9BA /* Models */ = {
			isa = PBXGroup;
			children = (
				A2CEA6722B9605A50030E9BA /* Movie.swift */,
			);
			path = Models;
			sourceTree = "<group>";
		};
		A2CEA6652B9427820030E9BA /* API */ = {
			isa = PBXGroup;
			children = (
				A2CEA6662B9427CF0030E9BA /* HTTP.swift */,
				A2CEA6682B96031F0030E9BA /* Endpoint.swift */,
				A2CEA6762B9608620030E9BA /* APIService.swift */,
			);
			path = API;
			sourceTree = "<group>";
		};
		A2CEA66A2B9603560030E9BA /* Util */ = {
			isa = PBXGroup;
			children = (
				A2CEA66C2B9604AD0030E9BA /* Constants.swift */,
			);
			path = Util;
			sourceTree = "<group>";
		};
/* End PBXGroup section */

/* Begin PBXNativeTarget section */
		A2CEA6502B940E050030E9BA /* MoviePicker */ = {
			isa = PBXNativeTarget;
			buildConfigurationList = A2CEA65F2B940E070030E9BA /* Build configuration list for PBXNativeTarget "MoviePicker" */;
			buildPhases = (
				A2CEA64D2B940E050030E9BA /* Sources */,
				A2CEA64E2B940E050030E9BA /* Frameworks */,
				A2CEA64F2B940E050030E9BA /* Resources */,
			);
			buildRules = (
			);
			dependencies = (
			);
			name = MoviePicker;
			productName = MoviePicker;
			productReference = A2CEA6512B940E050030E9BA /* MoviePicker.app */;
			productType = "com.apple.product-type.application";
		};
/* End PBXNativeTarget section */

/* Begin PBXProject section */
		A2CEA6492B940E050030E9BA /* Project object */ = {
			isa = PBXProject;
			attributes = {
				BuildIndependentTargetsInParallel = 1;
				LastSwiftUpdateCheck = 1520;
				LastUpgradeCheck = 1520;
				TargetAttributes = {
					A2CEA6502B940E050030E9BA = {
						CreatedOnToolsVersion = 15.2;
					};
				};
			};
			buildConfigurationList = A2CEA64C2B940E050030E9BA /* Build configuration list for PBXProject "MoviePicker" */;
			compatibilityVersion = "Xcode 14.0";
			developmentRegion = en;
			hasScannedForEncodings = 0;
			knownRegions = (
				en,
				Base,
			);
			mainGroup = A2CEA6482B940E050030E9BA;
			productRefGroup = A2CEA6522B940E050030E9BA /* Products */;
			projectDirPath = "";
			projectRoot = "";
			targets = (
				A2CEA6502B940E050030E9BA /* MoviePicker */,
			);
		};
/* End PBXProject section */

/* Begin PBXResourcesBuildPhase section */
		A2CEA64F2B940E050030E9BA /* Resources */ = {
			isa = PBXResourcesBuildPhase;
			buildActionMask = 2147483647;
			files = (
				A2CEA65C2B940E070030E9BA /* Preview Assets.xcassets in Resources */,
				A2CEA6592B940E070030E9BA /* Assets.xcassets in Resources */,
			);
			runOnlyForDeploymentPostprocessing = 0;
		};
/* End PBXResourcesBuildPhase section */

/* Begin PBXSourcesBuildPhase section */
		A2CEA64D2B940E050030E9BA /* Sources */ = {
			isa = PBXSourcesBuildPhase;
			buildActionMask = 2147483647;
			files = (
				A2CEA66D2B9604AD0030E9BA /* Constants.swift in Sources */,
				A2CEA6672B9427CF0030E9BA /* HTTP.swift in Sources */,
				A2CEA6712B96052C0030E9BA /* HomeViewModel.swift in Sources */,
				A2CEA6572B940E050030E9BA /* ContentView.swift in Sources */,
				A2CEA66F2B96051B0030E9BA /* HomeView.swift in Sources */,
				A2CEA6692B96031F0030E9BA /* Endpoint.swift in Sources */,
				A2CEA6732B9605A50030E9BA /* Movie.swift in Sources */,
				A2CEA6772B9608620030E9BA /* APIService.swift in Sources */,
				A2CEA6552B940E050030E9BA /* MoviePickerApp.swift in Sources */,
			);
			runOnlyForDeploymentPostprocessing = 0;
		};
/* End PBXSourcesBuildPhase section */

/* Begin XCBuildConfiguration section */
		A2CEA65D2B940E070030E9BA /* Debug */ = {
			isa = XCBuildConfiguration;
			buildSettings = {
				ALWAYS_SEARCH_USER_PATHS = NO;
				ASSETCATALOG_COMPILER_GENERATE_SWIFT_ASSET_SYMBOL_EXTENSIONS = YES;
				CLANG_ANALYZER_NONNULL = YES;
				CLANG_ANALYZER_NUMBER_OBJECT_CONVERSION = YES_AGGRESSIVE;
				CLANG_CXX_LANGUAGE_STANDARD = "gnu++20";
				CLANG_ENABLE_MODULES = YES;
				CLANG_ENABLE_OBJC_ARC = YES;
				CLANG_ENABLE_OBJC_WEAK = YES;
				CLANG_WARN_BLOCK_CAPTURE_AUTORELEASING = YES;
				CLANG_WARN_BOOL_CONVERSION = YES;
				CLANG_WARN_COMMA = YES;
				CLANG_WARN_CONSTANT_CONVERSION = YES;
				CLANG_WARN_DEPRECATED_OBJC_IMPLEMENTATIONS = YES;
				CLANG_WARN_DIRECT_OBJC_ISA_USAGE = YES_ERROR;
				CLANG_WARN_DOCUMENTATION_COMMENTS = YES;
				CLANG_WARN_EMPTY_BODY = YES;
				CLANG_WARN_ENUM_CONVERSION = YES;
				CLANG_WARN_INFINITE_RECURSION = YES;
				CLANG_WARN_INT_CONVERSION = YES;
				CLANG_WARN_NON_LITERAL_NULL_CONVERSION = YES;
				CLANG_WARN_OBJC_IMPLICIT_RETAIN_SELF = YES;
				CLANG_WARN_OBJC_LITERAL_CONVERSION = YES;
				CLANG_WARN_OBJC_ROOT_CLASS = YES_ERROR;
				CLANG_WARN_QUOTED_INCLUDE_IN_FRAMEWORK_HEADER = YES;
				CLANG_WARN_RANGE_LOOP_ANALYSIS = YES;
				CLANG_WARN_STRICT_PROTOTYPES = YES;
				CLANG_WARN_SUSPICIOUS_MOVE = YES;
				CLANG_WARN_UNGUARDED_AVAILABILITY = YES_AGGRESSIVE;
				CLANG_WARN_UNREACHABLE_CODE = YES;
				CLANG_WARN__DUPLICATE_METHOD_MATCH = YES;
				COPY_PHASE_STRIP = NO;
				DEBUG_INFORMATION_FORMAT = dwarf;
				ENABLE_STRICT_OBJC_MSGSEND = YES;
				ENABLE_TESTABILITY = YES;
				ENABLE_USER_SCRIPT_SANDBOXING = YES;
				GCC_C_LANGUAGE_STANDARD = gnu17;
				GCC_DYNAMIC_NO_PIC = NO;
				GCC_NO_COMMON_BLOCKS = YES;
				GCC_OPTIMIZATION_LEVEL = 0;
				GCC_PREPROCESSOR_DEFINITIONS = (
					"DEBUG=1",
					"$(inherited)",
				);
				GCC_WARN_64_TO_32_BIT_CONVERSION = YES;
				GCC_WARN_ABOUT_RETURN_TYPE = YES_ERROR;
				GCC_WARN_UNDECLARED_SELECTOR = YES;
				GCC_WARN_UNINITIALIZED_AUTOS = YES_AGGRESSIVE;
				GCC_WARN_UNUSED_FUNCTION = YES;
				GCC_WARN_UNUSED_VARIABLE = YES;
				IPHONEOS_DEPLOYMENT_TARGET = 17.2;
				LOCALIZATION_PREFERS_STRING_CATALOGS = YES;
				MTL_ENABLE_DEBUG_INFO = INCLUDE_SOURCE;
				MTL_FAST_MATH = YES;
				ONLY_ACTIVE_ARCH = YES;
				SDKROOT = iphoneos;
				SWIFT_ACTIVE_COMPILATION_CONDITIONS = "DEBUG $(inherited)";
				SWIFT_OPTIMIZATION_LEVEL = "-Onone";
			};
			name = Debug;
		};
		A2CEA65E2B940E070030E9BA /* Release */ = {
			isa = XCBuildConfiguration;
			buildSettings = {
				ALWAYS_SEARCH_USER_PATHS = NO;
				ASSETCATALOG_COMPILER_GENERATE_SWIFT_ASSET_SYMBOL_EXTENSIONS = YES;
				CLANG_ANALYZER_NONNULL = YES;
				CLANG_ANALYZER_NUMBER_OBJECT_CONVERSION = YES_AGGRESSIVE;
				CLANG_CXX_LANGUAGE_STANDARD = "gnu++20";
				CLANG_ENABLE_MODULES = YES;
				CLANG_ENABLE_OBJC_ARC = YES;
				CLANG_ENABLE_OBJC_WEAK = YES;
				CLANG_WARN_BLOCK_CAPTURE_AUTORELEASING = YES;
				CLANG_WARN_BOOL_CONVERSION = YES;
				CLANG_WARN_COMMA = YES;
				CLANG_WARN_CONSTANT_CONVERSION = YES;
				CLANG_WARN_DEPRECATED_OBJC_IMPLEMENTATIONS = YES;
				CLANG_WARN_DIRECT_OBJC_ISA_USAGE = YES_ERROR;
				CLANG_WARN_DOCUMENTATION_COMMENTS = YES;
				CLANG_WARN_EMPTY_BODY = YES;
				CLANG_WARN_ENUM_CONVERSION = YES;
				CLANG_WARN_INFINITE_RECURSION = YES;
				CLANG_WARN_INT_CONVERSION = YES;
				CLANG_WARN_NON_LITERAL_NULL_CONVERSION = YES;
				CLANG_WARN_OBJC_IMPLICIT_RETAIN_SELF = YES;
				CLANG_WARN_OBJC_LITERAL_CONVERSION = YES;
				CLANG_WARN_OBJC_ROOT_CLASS = YES_ERROR;
				CLANG_WARN_QUOTED_INCLUDE_IN_FRAMEWORK_HEADER = YES;
				CLANG_WARN_RANGE_LOOP_ANALYSIS = YES;
				CLANG_WARN_STRICT_PROTOTYPES = YES;
				CLANG_WARN_SUSPICIOUS_MOVE = YES;
				CLANG_WARN_UNGUARDED_AVAILABILITY = YES_AGGRESSIVE;
				CLANG_WARN_UNREACHABLE_CODE = YES;
				CLANG_WARN__DUPLICATE_METHOD_MATCH = YES;
				COPY_PHASE_STRIP = NO;
				DEBUG_INFORMATION_FORMAT = "dwarf-with-dsym";
				ENABLE_NS_ASSERTIONS = NO;
				ENABLE_STRICT_OBJC_MSGSEND = YES;
				ENABLE_USER_SCRIPT_SANDBOXING = YES;
				GCC_C_LANGUAGE_STANDARD = gnu17;
				GCC_NO_COMMON_BLOCKS = YES;
				GCC_WARN_64_TO_32_BIT_CONVERSION = YES;
				GCC_WARN_ABOUT_RETURN_TYPE = YES_ERROR;
				GCC_WARN_UNDECLARED_SELECTOR = YES;
				GCC_WARN_UNINITIALIZED_AUTOS = YES_AGGRESSIVE;
				GCC_WARN_UNUSED_FUNCTION = YES;
				GCC_WARN_UNUSED_VARIABLE = YES;
				IPHONEOS_DEPLOYMENT_TARGET = 17.2;
				LOCALIZATION_PREFERS_STRING_CATALOGS = YES;
				MTL_ENABLE_DEBUG_INFO = NO;
				MTL_FAST_MATH = YES;
				SDKROOT = iphoneos;
				SWIFT_COMPILATION_MODE = wholemodule;
				VALIDATE_PRODUCT = YES;
			};
			name = Release;
		};
		A2CEA6602B940E070030E9BA /* Debug */ = {
			isa = XCBuildConfiguration;
			buildSettings = {
				ASSETCATALOG_COMPILER_APPICON_NAME = AppIcon;
				ASSETCATALOG_COMPILER_GLOBAL_ACCENT_COLOR_NAME = AccentColor;
				CODE_SIGN_STYLE = Automatic;
				CURRENT_PROJECT_VERSION = 1;
				DEVELOPMENT_ASSET_PATHS = "\"MoviePicker/Preview Content\"";
				DEVELOPMENT_TEAM = 4K9P34469L;
				ENABLE_PREVIEWS = YES;
				GENERATE_INFOPLIST_FILE = YES;
				INFOPLIST_KEY_CFBundleDisplayName = "Movie Picker";
				INFOPLIST_KEY_UIApplicationSceneManifest_Generation = YES;
				INFOPLIST_KEY_UIApplicationSupportsIndirectInputEvents = YES;
				INFOPLIST_KEY_UILaunchScreen_Generation = YES;
				INFOPLIST_KEY_UISupportedInterfaceOrientations_iPad = "UIInterfaceOrientationPortrait UIInterfaceOrientationPortraitUpsideDown UIInterfaceOrientationLandscapeLeft UIInterfaceOrientationLandscapeRight";
				INFOPLIST_KEY_UISupportedInterfaceOrientations_iPhone = "UIInterfaceOrientationPortrait UIInterfaceOrientationLandscapeLeft UIInterfaceOrientationLandscapeRight";
				LD_RUNPATH_SEARCH_PATHS = (
					"$(inherited)",
					"@executable_path/Frameworks",
				);
				MARKETING_VERSION = 1.0;
				PRODUCT_BUNDLE_IDENTIFIER = com.elementxtech.MoviePicker;
				PRODUCT_NAME = "$(TARGET_NAME)";
				SWIFT_EMIT_LOC_STRINGS = YES;
				SWIFT_VERSION = 5.0;
				TARGETED_DEVICE_FAMILY = "1,2";
			};
			name = Debug;
		};
		A2CEA6612B940E070030E9BA /* Release */ = {
			isa = XCBuildConfiguration;
			buildSettings = {
				ASSETCATALOG_COMPILER_APPICON_NAME = AppIcon;
				ASSETCATALOG_COMPILER_GLOBAL_ACCENT_COLOR_NAME = AccentColor;
				CODE_SIGN_STYLE = Automatic;
				CURRENT_PROJECT_VERSION = 1;
				DEVELOPMENT_ASSET_PATHS = "\"MoviePicker/Preview Content\"";
				DEVELOPMENT_TEAM = 4K9P34469L;
				ENABLE_PREVIEWS = YES;
				GENERATE_INFOPLIST_FILE = YES;
				INFOPLIST_KEY_CFBundleDisplayName = "Movie Picker";
				INFOPLIST_KEY_UIApplicationSceneManifest_Generation = YES;
				INFOPLIST_KEY_UIApplicationSupportsIndirectInputEvents = YES;
				INFOPLIST_KEY_UILaunchScreen_Generation = YES;
				INFOPLIST_KEY_UISupportedInterfaceOrientations_iPad = "UIInterfaceOrientationPortrait UIInterfaceOrientationPortraitUpsideDown UIInterfaceOrientationLandscapeLeft UIInterfaceOrientationLandscapeRight";
				INFOPLIST_KEY_UISupportedInterfaceOrientations_iPhone = "UIInterfaceOrientationPortrait UIInterfaceOrientationLandscapeLeft UIInterfaceOrientationLandscapeRight";
				LD_RUNPATH_SEARCH_PATHS = (
					"$(inherited)",
					"@executable_path/Frameworks",
				);
				MARKETING_VERSION = 1.0;
				PRODUCT_BUNDLE_IDENTIFIER = com.elementxtech.MoviePicker;
				PRODUCT_NAME = "$(TARGET_NAME)";
				SWIFT_EMIT_LOC_STRINGS = YES;
				SWIFT_VERSION = 5.0;
				TARGETED_DEVICE_FAMILY = "1,2";
			};
			name = Release;
		};
/* End XCBuildConfiguration section */

/* Begin XCConfigurationList section */
		A2CEA64C2B940E050030E9BA /* Build configuration list for PBXProject "MoviePicker" */ = {
			isa = XCConfigurationList;
			buildConfigurations = (
				A2CEA65D2B940E070030E9BA /* Debug */,
				A2CEA65E2B940E070030E9BA /* Release */,
			);
			defaultConfigurationIsVisible = 0;
			defaultConfigurationName = Release;
		};
		A2CEA65F2B940E070030E9BA /* Build configuration list for PBXNativeTarget "MoviePicker" */ = {
			isa = XCConfigurationList;
			buildConfigurations = (
				A2CEA6602B940E070030E9BA /* Debug */,
				A2CEA6612B940E070030E9BA /* Release */,
			);
			defaultConfigurationIsVisible = 0;
			defaultConfigurationName = Release;
		};
/* End XCConfigurationList section */
	};
	rootObject = A2CEA6492B940E050030E9BA /* Project object */;
}
